<Solution>
  <Project Path="docker-compose.dcproj">
    <Build />
  </Project>
  <Project Path="PedidosECommerce.Application/PedidosECommerce.Application.csproj" Id="bdfaad9d-eaa9-42be-a7bd-871dc7e98b9b" />
  <Project Path="PedidosECommerce.Domain/PedidosECommerce.Domain.csproj" Id="e9f3355b-e75d-444b-bd3a-dd5e8ccb7ef2" />
  <Project Path="PedidosECommerce.Infrastructure/PedidosECommerce.Infrastructure.csproj" Id="bded74af-d4ed-4327-ac75-5ec7dcf85487" />
  <Project Path="PedidosECommerce/PedidosECommerce.csproj" />
</Solution>
